
Microsoft Visual Studio Solution File, Format Version 12.00
# Visual Studio Version 17
VisualStudioVersion = 17.11.35222.181
MinimumVisualStudioVersion = 10.0.40219.1
Project("{FAE04EC0-301F-11D3-BF4B-00C04F79EFBC}") = "5M04konForum", "5M04konForum\5M04konForum.csproj", "{DCD6E957-87FD-4BB1-A2EB-C8408D4925DD}"
EndProject
Global
	GlobalSection(SolutionConfigurationPlatforms) = preSolution
		Debug|Any CPU = Debug|Any CPU
		Release|Any CPU = Release|Any CPU
	EndGlobalSection
	GlobalSection(ProjectConfigurationPlatforms) = postSolution
		{DCD6E957-87FD-4BB1-A2EB-C8408D4925DD}.Debug|Any CPU.ActiveCfg = Debug|Any CPU
		{DCD6E957-87FD-4BB1-A2EB-C8408D4925DD}.Debug|Any CPU.Build.0 = Debug|Any CPU
		{DCD6E957-87FD-4BB1-A2EB-C8408D4925DD}.Release|Any CPU.ActiveCfg = Release|Any CPU
		{DCD6E957-87FD-4BB1-A2EB-C8408D4925DD}.Release|Any CPU.Build.0 = Release|Any CPU
	EndGlobalSection
	GlobalSection(SolutionProperties) = preSolution
		HideSolutionNode = FALSE
	EndGlobalSection
	GlobalSection(ExtensibilityGlobals) = postSolution
		SolutionGuid = {45A59D06-5F01-485C-ADA6-DED76084978C}
	EndGlobalSection
EndGlobal
